
Microsoft Visual Studio Solution File, Format Version 12.00
Project("{FAE04EC0-301F-11D3-BF4B-00C04F79EFBC}") = "zadanie5", "zadanie5\zadanie5.csproj", "{A89025FF-F9D4-4415-A0AB-D317CFF07D66}"
EndProject
Global
	GlobalSection(SolutionConfigurationPlatforms) = preSolution
		Debug|Any CPU = Debug|Any CPU
		Release|Any CPU = Release|Any CPU
	EndGlobalSection
	GlobalSection(ProjectConfigurationPlatforms) = postSolution
		{A89025FF-F9D4-4415-A0AB-D317CFF07D66}.Debug|Any CPU.ActiveCfg = Debug|Any CPU
		{A89025FF-F9D4-4415-A0AB-D317CFF07D66}.Debug|Any CPU.Build.0 = Debug|Any CPU
		{A89025FF-F9D4-4415-A0AB-D317CFF07D66}.Release|Any CPU.ActiveCfg = Release|Any CPU
		{A89025FF-F9D4-4415-A0AB-D317CFF07D66}.Release|Any CPU.Build.0 = Release|Any CPU
	EndGlobalSection
EndGlobal
